// !$*UTF8*$!
{
	archiveVersion = 1;
	classes = {
	};
	objectVersion = 55;
	objects = {

/* Begin PBXBuildFile section */
		507B431CE111D2D733E5EBFB /* Pods_Lightening.framework in Frameworks */ = {isa = PBXBuildFile; fileRef = BF46B14B4F4B3FEED391E560 /* Pods_Lightening.framework */; };
		7E272FF6280EB55F0096DB72 /* RecordViewController.swift in Sources */ = {isa = PBXBuildFile; fileRef = 7E272FF5280EB55F0096DB72 /* RecordViewController.swift */; };
		7E272FF8280EED7B0096DB72 /* AudioManager.swift in Sources */ = {isa = PBXBuildFile; fileRef = 7E272FF7280EED7B0096DB72 /* AudioManager.swift */; };
		7E272FFA280EEDA10096DB72 /* AudioRecorder.swift in Sources */ = {isa = PBXBuildFile; fileRef = 7E272FF9280EEDA10096DB72 /* AudioRecorder.swift */; };
		7E272FFC280EEDC40096DB72 /* AudioPlayer.swift in Sources */ = {isa = PBXBuildFile; fileRef = 7E272FFB280EEDC40096DB72 /* AudioPlayer.swift */; };
		7E272FFE280EEDDE0096DB72 /* AudioFileManager.swift in Sources */ = {isa = PBXBuildFile; fileRef = 7E272FFD280EEDDE0096DB72 /* AudioFileManager.swift */; };
		7E273006280FB06C0096DB72 /* AddDetailsLocationCell.swift in Sources */ = {isa = PBXBuildFile; fileRef = 7E273004280FB06C0096DB72 /* AddDetailsLocationCell.swift */; };
		7E273007280FB06C0096DB72 /* AddDetailsLocationCell.xib in Resources */ = {isa = PBXBuildFile; fileRef = 7E273005280FB06C0096DB72 /* AddDetailsLocationCell.xib */; };
		7E27300A280FDB5F0096DB72 /* UIScreen+Extension.swift in Sources */ = {isa = PBXBuildFile; fileRef = 7E273009280FDB5F0096DB72 /* UIScreen+Extension.swift */; };
		7E27300C281006760096DB72 /* MapViewController.swift in Sources */ = {isa = PBXBuildFile; fileRef = 7E27300B281006750096DB72 /* MapViewController.swift */; };
		7E27300F28100FD30096DB72 /* LocationManager.swift in Sources */ = {isa = PBXBuildFile; fileRef = 7E27300E28100FD30096DB72 /* LocationManager.swift */; };
		7E2730112810271E0096DB72 /* AudioAnnotation.swift in Sources */ = {isa = PBXBuildFile; fileRef = 7E2730102810271E0096DB72 /* AudioAnnotation.swift */; };
		7E2730132810E6260096DB72 /* SearchViewController.swift in Sources */ = {isa = PBXBuildFile; fileRef = 7E2730122810E6260096DB72 /* SearchViewController.swift */; };
		7E27301628114B620096DB72 /* SearchResultTableViewCell.swift in Sources */ = {isa = PBXBuildFile; fileRef = 7E27301428114B620096DB72 /* SearchResultTableViewCell.swift */; };
		7E27301728114B620096DB72 /* SearchResultTableViewCell.xib in Resources */ = {isa = PBXBuildFile; fileRef = 7E27301528114B620096DB72 /* SearchResultTableViewCell.xib */; };
		7E44B79528090F5600CF24AC /* AddDetailsViewController.swift in Sources */ = {isa = PBXBuildFile; fileRef = 7E44B79428090F5600CF24AC /* AddDetailsViewController.swift */; };
		7E44B7A92809168100CF24AC /* AddDetailsBasicCell.swift in Sources */ = {isa = PBXBuildFile; fileRef = 7E44B7A82809168100CF24AC /* AddDetailsBasicCell.swift */; };
		7E44B7AC2809187C00CF24AC /* AddDetailsContentCell.swift in Sources */ = {isa = PBXBuildFile; fileRef = 7E44B7AA2809187C00CF24AC /* AddDetailsContentCell.swift */; };
		7E44B7AD2809187C00CF24AC /* AddDetailsContentCell.xib in Resources */ = {isa = PBXBuildFile; fileRef = 7E44B7AB2809187C00CF24AC /* AddDetailsContentCell.xib */; };
		7E44B7B1280966A200CF24AC /* PublishManager.swift in Sources */ = {isa = PBXBuildFile; fileRef = 7E44B7B0280966A100CF24AC /* PublishManager.swift */; };
		7E44B7B52809751300CF24AC /* UITableView+Extension.swift in Sources */ = {isa = PBXBuildFile; fileRef = 7E44B7B42809751300CF24AC /* UITableView+Extension.swift */; };
		7E44B7B92809AEB800CF24AC /* Audio.swift in Sources */ = {isa = PBXBuildFile; fileRef = 7E44B7B82809AEB800CF24AC /* Audio.swift */; };
		7E44B7BB280A981500CF24AC /* UIColor+Extentsion.swift in Sources */ = {isa = PBXBuildFile; fileRef = 7E44B7BA280A981500CF24AC /* UIColor+Extentsion.swift */; };
		7E44B7C0280AEA1800CF24AC /* DiscoveryViewController.swift in Sources */ = {isa = PBXBuildFile; fileRef = 7E44B7BF280AEA1800CF24AC /* DiscoveryViewController.swift */; };
		7E44B7C4280AEF8A00CF24AC /* UIView+Extension.swift in Sources */ = {isa = PBXBuildFile; fileRef = 7E44B7C3280AEF8A00CF24AC /* UIView+Extension.swift */; };
		7E44B7C7280AF18600CF24AC /* KingFisherWrapper.swift in Sources */ = {isa = PBXBuildFile; fileRef = 7E44B7C6280AF18600CF24AC /* KingFisherWrapper.swift */; };
		7E44B7D4280B0F1F00CF24AC /* UICollectionView+Extension.swift in Sources */ = {isa = PBXBuildFile; fileRef = 7E44B7D3280B0F1F00CF24AC /* UICollectionView+Extension.swift */; };
		7E44B7D7280BEAAD00CF24AC /* AddDetailsTopicTableViewCell.swift in Sources */ = {isa = PBXBuildFile; fileRef = 7E44B7D5280BEAAC00CF24AC /* AddDetailsTopicTableViewCell.swift */; };
		7E44B7D8280BEAAD00CF24AC /* AddDetailsTopicTableViewCell.xib in Resources */ = {isa = PBXBuildFile; fileRef = 7E44B7D6280BEAAC00CF24AC /* AddDetailsTopicTableViewCell.xib */; };
		7E44B7DB280BED5000CF24AC /* SelectTopicCollectionViewCell.swift in Sources */ = {isa = PBXBuildFile; fileRef = 7E44B7D9280BED5000CF24AC /* SelectTopicCollectionViewCell.swift */; };
		7E44B7DC280BED5000CF24AC /* SelectTopicCollectionViewCell.xib in Resources */ = {isa = PBXBuildFile; fileRef = 7E44B7DA280BED5000CF24AC /* SelectTopicCollectionViewCell.xib */; };
		7E44B7E1280C4B8300CF24AC /* AddDetailsCoverTableViewCell.swift in Sources */ = {isa = PBXBuildFile; fileRef = 7E44B7DF280C4B8300CF24AC /* AddDetailsCoverTableViewCell.swift */; };
		7E44B7E2280C4B8300CF24AC /* AddDetailsCoverTableViewCell.xib in Resources */ = {isa = PBXBuildFile; fileRef = 7E44B7E0280C4B8300CF24AC /* AddDetailsCoverTableViewCell.xib */; };
		7E44B7E5280C4C5500CF24AC /* SelectCoverCollectionViewCell.swift in Sources */ = {isa = PBXBuildFile; fileRef = 7E44B7E3280C4C5500CF24AC /* SelectCoverCollectionViewCell.swift */; };
		7E44B7E6280C4C5500CF24AC /* SelectCoverCollectionViewCell.xib in Resources */ = {isa = PBXBuildFile; fileRef = 7E44B7E4280C4C5500CF24AC /* SelectCoverCollectionViewCell.xib */; };
		7E44B7EC280C94A600CF24AC /* AudioPlayerViewController.swift in Sources */ = {isa = PBXBuildFile; fileRef = 7E44B7EB280C94A600CF24AC /* AudioPlayerViewController.swift */; };
		7E48D4712819F4FD0080476E /* AudioListViewController.swift in Sources */ = {isa = PBXBuildFile; fileRef = 7E48D4702819F4FD0080476E /* AudioListViewController.swift */; };
		7E48D4742819F83B0080476E /* AudioListTableViewCell.swift in Sources */ = {isa = PBXBuildFile; fileRef = 7E48D4722819F83B0080476E /* AudioListTableViewCell.swift */; };
		7E48D4752819F83B0080476E /* AudioListTableViewCell.xib in Resources */ = {isa = PBXBuildFile; fileRef = 7E48D4732819F83B0080476E /* AudioListTableViewCell.xib */; };
		7E498D552808175400389D1C /* VolunteerTabBarController.swift in Sources */ = {isa = PBXBuildFile; fileRef = 7E498D542808175400389D1C /* VolunteerTabBarController.swift */; };
		7E498D592808188300389D1C /* UploadViewController.swift in Sources */ = {isa = PBXBuildFile; fileRef = 7E498D582808188300389D1C /* UploadViewController.swift */; };
		7E55BEAE281B71AA00F6A8AC /* MyAudioListViewController.swift in Sources */ = {isa = PBXBuildFile; fileRef = 7E55BEAD281B71AA00F6A8AC /* MyAudioListViewController.swift */; };
		7E55BEB0281BC6F700F6A8AC /* VolunteerDiscoveryViewController.swift in Sources */ = {isa = PBXBuildFile; fileRef = 7E55BEAF281BC6F700F6A8AC /* VolunteerDiscoveryViewController.swift */; };
		7EA0234F2800452A00C73205 /* AppDelegate.swift in Sources */ = {isa = PBXBuildFile; fileRef = 7EA0234E2800452A00C73205 /* AppDelegate.swift */; };
		7EA023512800452A00C73205 /* SceneDelegate.swift in Sources */ = {isa = PBXBuildFile; fileRef = 7EA023502800452A00C73205 /* SceneDelegate.swift */; };
		7EA023582800452C00C73205 /* Assets.xcassets in Resources */ = {isa = PBXBuildFile; fileRef = 7EA023572800452C00C73205 /* Assets.xcassets */; };
		7EA0235B2800452C00C73205 /* LaunchScreen.storyboard in Resources */ = {isa = PBXBuildFile; fileRef = 7EA023592800452C00C73205 /* LaunchScreen.storyboard */; };
		7EA73F3F281183DF0071D197 /* AudioDescriptionViewController.swift in Sources */ = {isa = PBXBuildFile; fileRef = 7EA73F3E281183DF0071D197 /* AudioDescriptionViewController.swift */; };
		7EA73F432811D81E0071D197 /* AudioPlayerView.swift in Sources */ = {isa = PBXBuildFile; fileRef = 7EA73F422811D81E0071D197 /* AudioPlayerView.swift */; };
		7EA73F4C281273EB0071D197 /* CommentTableViewCell.swift in Sources */ = {isa = PBXBuildFile; fileRef = 7EA73F4A281273EB0071D197 /* CommentTableViewCell.swift */; };
		7EA73F4D281273EB0071D197 /* CommentTableViewCell.xib in Resources */ = {isa = PBXBuildFile; fileRef = 7EA73F4B281273EB0071D197 /* CommentTableViewCell.xib */; };
		7EA73F522813D5530071D197 /* ProfileViewController.swift in Sources */ = {isa = PBXBuildFile; fileRef = 7EA73F512813D5530071D197 /* ProfileViewController.swift */; };
		7EA73F542813E0AA0071D197 /* BaseViewController.swift in Sources */ = {isa = PBXBuildFile; fileRef = 7EA73F532813E0AA0071D197 /* BaseViewController.swift */; };
		7EA73F572813EBE80071D197 /* UserProfileView.swift in Sources */ = {isa = PBXBuildFile; fileRef = 7EA73F562813EBE80071D197 /* UserProfileView.swift */; };
		7EA73F5928145AA70071D197 /* ProfileSection.swift in Sources */ = {isa = PBXBuildFile; fileRef = 7EA73F5828145AA70071D197 /* ProfileSection.swift */; };
		7EA73F612814F9310071D197 /* lf30_editor_lcvwieey.json in Resources */ = {isa = PBXBuildFile; fileRef = 7EA73F602814F9300071D197 /* lf30_editor_lcvwieey.json */; };
		7EA73F65281502040071D197 /* 23559-microphone.json in Resources */ = {isa = PBXBuildFile; fileRef = 7EA73F64281502040071D197 /* 23559-microphone.json */; };
		7EA73F67281504960071D197 /* lf30_editor_6mtolrvz.json in Resources */ = {isa = PBXBuildFile; fileRef = 7EA73F66281504960071D197 /* lf30_editor_6mtolrvz.json */; };
		7EA73F6928152AA00071D197 /* lf30_editor_sgfaitmz.json in Resources */ = {isa = PBXBuildFile; fileRef = 7EA73F6828152A9F0071D197 /* lf30_editor_sgfaitmz.json */; };
		7EA73F6B28155EE20071D197 /* lf30_editor_6v2ghoza.json in Resources */ = {isa = PBXBuildFile; fileRef = 7EA73F6A28155EE10071D197 /* lf30_editor_6v2ghoza.json */; };
		7EA73F6D281687E30071D197 /* IdentitySelectionViewController.swift in Sources */ = {isa = PBXBuildFile; fileRef = 7EA73F6C281687E20071D197 /* IdentitySelectionViewController.swift */; };
		7EA73F7028168F090071D197 /* SignInViewController.swift in Sources */ = {isa = PBXBuildFile; fileRef = 7EA73F6F28168F080071D197 /* SignInViewController.swift */; };
		7EA73F722816A4FC0071D197 /* UserManager.swift in Sources */ = {isa = PBXBuildFile; fileRef = 7EA73F712816A4FC0071D197 /* UserManager.swift */; };
		7EA73F742816EDA70071D197 /* User.swift in Sources */ = {isa = PBXBuildFile; fileRef = 7EA73F732816EDA60071D197 /* User.swift */; };
		7EA73F762816FC8E0071D197 /* VisuallyImpairedTabBarController.swift in Sources */ = {isa = PBXBuildFile; fileRef = 7EA73F752816FC8E0071D197 /* VisuallyImpairedTabBarController.swift */; };
		7EA73F7828170E170071D197 /* RegisterViewController.swift in Sources */ = {isa = PBXBuildFile; fileRef = 7EA73F7728170E160071D197 /* RegisterViewController.swift */; };
		7EB3F4FC280D66E900C6E385 /* AudioTopic.swift in Sources */ = {isa = PBXBuildFile; fileRef = 7EB3F4FB280D66E900C6E385 /* AudioTopic.swift */; };
		7EB3F4FF280D6CDB00C6E385 /* GalleryCollectionViewCell.swift in Sources */ = {isa = PBXBuildFile; fileRef = 7EB3F4FD280D6CDB00C6E385 /* GalleryCollectionViewCell.swift */; };
		7EB3F500280D6CDB00C6E385 /* GalleryCollectionViewCell.xib in Resources */ = {isa = PBXBuildFile; fileRef = 7EB3F4FE280D6CDB00C6E385 /* GalleryCollectionViewCell.xib */; };
		7EB3F502280D740900C6E385 /* DiscoverySection.swift in Sources */ = {isa = PBXBuildFile; fileRef = 7EB3F501280D740800C6E385 /* DiscoverySection.swift */; };
		7EB3F504280D794C00C6E385 /* SectionHeaderReusableView.swift in Sources */ = {isa = PBXBuildFile; fileRef = 7EB3F503280D794C00C6E385 /* SectionHeaderReusableView.swift */; };
		7EB9DAC72802FC1A009B89D0 /* GoogleService-Info.plist in Resources */ = {isa = PBXBuildFile; fileRef = 7EB9DAC62802FC1A009B89D0 /* GoogleService-Info.plist */; };
		7EB9DADF2803D085009B89D0 /* Config.swift in Sources */ = {isa = PBXBuildFile; fileRef = 7EB9DADE2803D085009B89D0 /* Config.swift */; };
		7EB9DAE22803D172009B89D0 /* RTCStates.swift in Sources */ = {isa = PBXBuildFile; fileRef = 7EB9DAE12803D172009B89D0 /* RTCStates.swift */; };
		7EB9DAE42803D1E0009B89D0 /* SessionDescription.swift in Sources */ = {isa = PBXBuildFile; fileRef = 7EB9DAE32803D1E0009B89D0 /* SessionDescription.swift */; };
		7EB9DAE62803D27F009B89D0 /* IceCandidate.swift in Sources */ = {isa = PBXBuildFile; fileRef = 7EB9DAE52803D27F009B89D0 /* IceCandidate.swift */; };
		7EB9DAE92803D321009B89D0 /* WebRTCClient.swift in Sources */ = {isa = PBXBuildFile; fileRef = 7EB9DAE82803D321009B89D0 /* WebRTCClient.swift */; };
		7EB9DAEB2803D3EC009B89D0 /* SignalingClient.swift in Sources */ = {isa = PBXBuildFile; fileRef = 7EB9DAEA2803D3EC009B89D0 /* SignalingClient.swift */; };
		7EB9DAF02803D9AD009B89D0 /* ImpairedLobbyViewController.swift in Sources */ = {isa = PBXBuildFile; fileRef = 7EB9DAEE2803D9AD009B89D0 /* ImpairedLobbyViewController.swift */; };
		7EB9DAF5280423F6009B89D0 /* VideoCallViewController.xib in Resources */ = {isa = PBXBuildFile; fileRef = 7EB9DAF3280423F6009B89D0 /* VideoCallViewController.xib */; };
		7EB9DAF728042A30009B89D0 /* VideoCallViewController.swift in Sources */ = {isa = PBXBuildFile; fileRef = 7EB9DAF628042A30009B89D0 /* VideoCallViewController.swift */; };
		7ED920FA28070E4C00DD892A /* userType.swift in Sources */ = {isa = PBXBuildFile; fileRef = 7ED920F928070E4C00DD892A /* userType.swift */; };
		7EDBA2CA2805E93600C10FA5 /* VolunteerLobbyViewController.swift in Sources */ = {isa = PBXBuildFile; fileRef = 7EDBA2C92805E93600C10FA5 /* VolunteerLobbyViewController.swift */; };
		7EDBA2CC2805E9A900C10FA5 /* VolunteerLobbyViewController.xib in Resources */ = {isa = PBXBuildFile; fileRef = 7EDBA2CB2805E9A900C10FA5 /* VolunteerLobbyViewController.xib */; };
		7EDBA2CE2805EDB900C10FA5 /* SignalingClientForVolunteer.swift in Sources */ = {isa = PBXBuildFile; fileRef = 7EDBA2CD2805EDB900C10FA5 /* SignalingClientForVolunteer.swift */; };
/* End PBXBuildFile section */

/* Begin PBXFileReference section */
		2719F4BBA033D3CFB8227B9E /* Pods-Lightening.debug.xcconfig */ = {isa = PBXFileReference; includeInIndex = 1; lastKnownFileType = text.xcconfig; name = "Pods-Lightening.debug.xcconfig"; path = "Target Support Files/Pods-Lightening/Pods-Lightening.debug.xcconfig"; sourceTree = "<group>"; };
		7E272FF5280EB55F0096DB72 /* RecordViewController.swift */ = {isa = PBXFileReference; lastKnownFileType = sourcecode.swift; path = RecordViewController.swift; sourceTree = "<group>"; };
		7E272FF7280EED7B0096DB72 /* AudioManager.swift */ = {isa = PBXFileReference; lastKnownFileType = sourcecode.swift; path = AudioManager.swift; sourceTree = "<group>"; };
		7E272FF9280EEDA10096DB72 /* AudioRecorder.swift */ = {isa = PBXFileReference; lastKnownFileType = sourcecode.swift; path = AudioRecorder.swift; sourceTree = "<group>"; };
		7E272FFB280EEDC40096DB72 /* AudioPlayer.swift */ = {isa = PBXFileReference; lastKnownFileType = sourcecode.swift; path = AudioPlayer.swift; sourceTree = "<group>"; };
		7E272FFD280EEDDE0096DB72 /* AudioFileManager.swift */ = {isa = PBXFileReference; lastKnownFileType = sourcecode.swift; path = AudioFileManager.swift; sourceTree = "<group>"; };
		7E273004280FB06C0096DB72 /* AddDetailsLocationCell.swift */ = {isa = PBXFileReference; lastKnownFileType = sourcecode.swift; path = AddDetailsLocationCell.swift; sourceTree = "<group>"; };
		7E273005280FB06C0096DB72 /* AddDetailsLocationCell.xib */ = {isa = PBXFileReference; lastKnownFileType = file.xib; path = AddDetailsLocationCell.xib; sourceTree = "<group>"; };
		7E273009280FDB5F0096DB72 /* UIScreen+Extension.swift */ = {isa = PBXFileReference; lastKnownFileType = sourcecode.swift; path = "UIScreen+Extension.swift"; sourceTree = "<group>"; };
		7E27300B281006750096DB72 /* MapViewController.swift */ = {isa = PBXFileReference; lastKnownFileType = sourcecode.swift; path = MapViewController.swift; sourceTree = "<group>"; };
		7E27300E28100FD30096DB72 /* LocationManager.swift */ = {isa = PBXFileReference; lastKnownFileType = sourcecode.swift; path = LocationManager.swift; sourceTree = "<group>"; };
		7E2730102810271E0096DB72 /* AudioAnnotation.swift */ = {isa = PBXFileReference; lastKnownFileType = sourcecode.swift; path = AudioAnnotation.swift; sourceTree = "<group>"; };
		7E2730122810E6260096DB72 /* SearchViewController.swift */ = {isa = PBXFileReference; lastKnownFileType = sourcecode.swift; path = SearchViewController.swift; sourceTree = "<group>"; };
		7E27301428114B620096DB72 /* SearchResultTableViewCell.swift */ = {isa = PBXFileReference; lastKnownFileType = sourcecode.swift; path = SearchResultTableViewCell.swift; sourceTree = "<group>"; };
		7E27301528114B620096DB72 /* SearchResultTableViewCell.xib */ = {isa = PBXFileReference; lastKnownFileType = file.xib; path = SearchResultTableViewCell.xib; sourceTree = "<group>"; };
		7E44B79428090F5600CF24AC /* AddDetailsViewController.swift */ = {isa = PBXFileReference; lastKnownFileType = sourcecode.swift; path = AddDetailsViewController.swift; sourceTree = "<group>"; };
		7E44B7A82809168100CF24AC /* AddDetailsBasicCell.swift */ = {isa = PBXFileReference; lastKnownFileType = sourcecode.swift; path = AddDetailsBasicCell.swift; sourceTree = "<group>"; };
		7E44B7AA2809187C00CF24AC /* AddDetailsContentCell.swift */ = {isa = PBXFileReference; lastKnownFileType = sourcecode.swift; path = AddDetailsContentCell.swift; sourceTree = "<group>"; };
		7E44B7AB2809187C00CF24AC /* AddDetailsContentCell.xib */ = {isa = PBXFileReference; lastKnownFileType = file.xib; path = AddDetailsContentCell.xib; sourceTree = "<group>"; };
		7E44B7B0280966A100CF24AC /* PublishManager.swift */ = {isa = PBXFileReference; lastKnownFileType = sourcecode.swift; path = PublishManager.swift; sourceTree = "<group>"; };
		7E44B7B42809751300CF24AC /* UITableView+Extension.swift */ = {isa = PBXFileReference; lastKnownFileType = sourcecode.swift; path = "UITableView+Extension.swift"; sourceTree = "<group>"; };
		7E44B7B82809AEB800CF24AC /* Audio.swift */ = {isa = PBXFileReference; lastKnownFileType = sourcecode.swift; path = Audio.swift; sourceTree = "<group>"; };
		7E44B7BA280A981500CF24AC /* UIColor+Extentsion.swift */ = {isa = PBXFileReference; lastKnownFileType = sourcecode.swift; path = "UIColor+Extentsion.swift"; sourceTree = "<group>"; };
		7E44B7BF280AEA1800CF24AC /* DiscoveryViewController.swift */ = {isa = PBXFileReference; lastKnownFileType = sourcecode.swift; path = DiscoveryViewController.swift; sourceTree = "<group>"; };
		7E44B7C3280AEF8A00CF24AC /* UIView+Extension.swift */ = {isa = PBXFileReference; lastKnownFileType = sourcecode.swift; path = "UIView+Extension.swift"; sourceTree = "<group>"; };
		7E44B7C6280AF18600CF24AC /* KingFisherWrapper.swift */ = {isa = PBXFileReference; lastKnownFileType = sourcecode.swift; path = KingFisherWrapper.swift; sourceTree = "<group>"; };
		7E44B7D3280B0F1F00CF24AC /* UICollectionView+Extension.swift */ = {isa = PBXFileReference; lastKnownFileType = sourcecode.swift; path = "UICollectionView+Extension.swift"; sourceTree = "<group>"; };
		7E44B7D5280BEAAC00CF24AC /* AddDetailsTopicTableViewCell.swift */ = {isa = PBXFileReference; lastKnownFileType = sourcecode.swift; path = AddDetailsTopicTableViewCell.swift; sourceTree = "<group>"; };
		7E44B7D6280BEAAC00CF24AC /* AddDetailsTopicTableViewCell.xib */ = {isa = PBXFileReference; lastKnownFileType = file.xib; path = AddDetailsTopicTableViewCell.xib; sourceTree = "<group>"; };
		7E44B7D9280BED5000CF24AC /* SelectTopicCollectionViewCell.swift */ = {isa = PBXFileReference; lastKnownFileType = sourcecode.swift; path = SelectTopicCollectionViewCell.swift; sourceTree = "<group>"; };
		7E44B7DA280BED5000CF24AC /* SelectTopicCollectionViewCell.xib */ = {isa = PBXFileReference; lastKnownFileType = file.xib; path = SelectTopicCollectionViewCell.xib; sourceTree = "<group>"; };
		7E44B7DF280C4B8300CF24AC /* AddDetailsCoverTableViewCell.swift */ = {isa = PBXFileReference; lastKnownFileType = sourcecode.swift; path = AddDetailsCoverTableViewCell.swift; sourceTree = "<group>"; };
		7E44B7E0280C4B8300CF24AC /* AddDetailsCoverTableViewCell.xib */ = {isa = PBXFileReference; lastKnownFileType = file.xib; path = AddDetailsCoverTableViewCell.xib; sourceTree = "<group>"; };
		7E44B7E3280C4C5500CF24AC /* SelectCoverCollectionViewCell.swift */ = {isa = PBXFileReference; lastKnownFileType = sourcecode.swift; path = SelectCoverCollectionViewCell.swift; sourceTree = "<group>"; };
		7E44B7E4280C4C5500CF24AC /* SelectCoverCollectionViewCell.xib */ = {isa = PBXFileReference; lastKnownFileType = file.xib; path = SelectCoverCollectionViewCell.xib; sourceTree = "<group>"; };
		7E44B7EB280C94A600CF24AC /* AudioPlayerViewController.swift */ = {isa = PBXFileReference; lastKnownFileType = sourcecode.swift; path = AudioPlayerViewController.swift; sourceTree = "<group>"; };
		7E48D4702819F4FD0080476E /* AudioListViewController.swift */ = {isa = PBXFileReference; lastKnownFileType = sourcecode.swift; path = AudioListViewController.swift; sourceTree = "<group>"; };
		7E48D4722819F83B0080476E /* AudioListTableViewCell.swift */ = {isa = PBXFileReference; lastKnownFileType = sourcecode.swift; path = AudioListTableViewCell.swift; sourceTree = "<group>"; };
		7E48D4732819F83B0080476E /* AudioListTableViewCell.xib */ = {isa = PBXFileReference; lastKnownFileType = file.xib; path = AudioListTableViewCell.xib; sourceTree = "<group>"; };
		7E498D542808175400389D1C /* VolunteerTabBarController.swift */ = {isa = PBXFileReference; lastKnownFileType = sourcecode.swift; path = VolunteerTabBarController.swift; sourceTree = "<group>"; };
		7E498D582808188300389D1C /* UploadViewController.swift */ = {isa = PBXFileReference; lastKnownFileType = sourcecode.swift; path = UploadViewController.swift; sourceTree = "<group>"; };
		7E55BEAD281B71AA00F6A8AC /* MyAudioListViewController.swift */ = {isa = PBXFileReference; lastKnownFileType = sourcecode.swift; path = MyAudioListViewController.swift; sourceTree = "<group>"; };
		7E55BEAF281BC6F700F6A8AC /* VolunteerDiscoveryViewController.swift */ = {isa = PBXFileReference; lastKnownFileType = sourcecode.swift; path = VolunteerDiscoveryViewController.swift; sourceTree = "<group>"; };
		7EA0234B2800452A00C73205 /* Lightening.app */ = {isa = PBXFileReference; explicitFileType = wrapper.application; includeInIndex = 0; path = Lightening.app; sourceTree = BUILT_PRODUCTS_DIR; };
		7EA0234E2800452A00C73205 /* AppDelegate.swift */ = {isa = PBXFileReference; lastKnownFileType = sourcecode.swift; path = AppDelegate.swift; sourceTree = "<group>"; };
		7EA023502800452A00C73205 /* SceneDelegate.swift */ = {isa = PBXFileReference; lastKnownFileType = sourcecode.swift; path = SceneDelegate.swift; sourceTree = "<group>"; };
		7EA023572800452C00C73205 /* Assets.xcassets */ = {isa = PBXFileReference; lastKnownFileType = folder.assetcatalog; path = Assets.xcassets; sourceTree = "<group>"; };
		7EA0235A2800452C00C73205 /* Base */ = {isa = PBXFileReference; lastKnownFileType = file.storyboard; name = Base; path = Base.lproj/LaunchScreen.storyboard; sourceTree = "<group>"; };
		7EA0235C2800452C00C73205 /* Info.plist */ = {isa = PBXFileReference; lastKnownFileType = text.plist.xml; path = Info.plist; sourceTree = "<group>"; };
		7EA73F3E281183DF0071D197 /* AudioDescriptionViewController.swift */ = {isa = PBXFileReference; lastKnownFileType = sourcecode.swift; path = AudioDescriptionViewController.swift; sourceTree = "<group>"; };
		7EA73F422811D81E0071D197 /* AudioPlayerView.swift */ = {isa = PBXFileReference; lastKnownFileType = sourcecode.swift; path = AudioPlayerView.swift; sourceTree = "<group>"; };
		7EA73F4A281273EB0071D197 /* CommentTableViewCell.swift */ = {isa = PBXFileReference; lastKnownFileType = sourcecode.swift; path = CommentTableViewCell.swift; sourceTree = "<group>"; };
		7EA73F4B281273EB0071D197 /* CommentTableViewCell.xib */ = {isa = PBXFileReference; lastKnownFileType = file.xib; path = CommentTableViewCell.xib; sourceTree = "<group>"; };
		7EA73F512813D5530071D197 /* ProfileViewController.swift */ = {isa = PBXFileReference; lastKnownFileType = sourcecode.swift; path = ProfileViewController.swift; sourceTree = "<group>"; };
		7EA73F532813E0AA0071D197 /* BaseViewController.swift */ = {isa = PBXFileReference; lastKnownFileType = sourcecode.swift; path = BaseViewController.swift; sourceTree = "<group>"; };
		7EA73F562813EBE80071D197 /* UserProfileView.swift */ = {isa = PBXFileReference; lastKnownFileType = sourcecode.swift; path = UserProfileView.swift; sourceTree = "<group>"; };
		7EA73F5828145AA70071D197 /* ProfileSection.swift */ = {isa = PBXFileReference; lastKnownFileType = sourcecode.swift; path = ProfileSection.swift; sourceTree = "<group>"; };
		7EA73F602814F9300071D197 /* lf30_editor_lcvwieey.json */ = {isa = PBXFileReference; fileEncoding = 4; lastKnownFileType = text.json; path = lf30_editor_lcvwieey.json; sourceTree = "<group>"; };
		7EA73F64281502040071D197 /* 23559-microphone.json */ = {isa = PBXFileReference; fileEncoding = 4; lastKnownFileType = text.json; path = "23559-microphone.json"; sourceTree = "<group>"; };
		7EA73F66281504960071D197 /* lf30_editor_6mtolrvz.json */ = {isa = PBXFileReference; fileEncoding = 4; lastKnownFileType = text.json; path = lf30_editor_6mtolrvz.json; sourceTree = "<group>"; };
		7EA73F6828152A9F0071D197 /* lf30_editor_sgfaitmz.json */ = {isa = PBXFileReference; fileEncoding = 4; lastKnownFileType = text.json; path = lf30_editor_sgfaitmz.json; sourceTree = "<group>"; };
		7EA73F6A28155EE10071D197 /* lf30_editor_6v2ghoza.json */ = {isa = PBXFileReference; fileEncoding = 4; lastKnownFileType = text.json; path = lf30_editor_6v2ghoza.json; sourceTree = "<group>"; };
		7EA73F6C281687E20071D197 /* IdentitySelectionViewController.swift */ = {isa = PBXFileReference; lastKnownFileType = sourcecode.swift; path = IdentitySelectionViewController.swift; sourceTree = "<group>"; };
		7EA73F6E281688800071D197 /* Lightening.entitlements */ = {isa = PBXFileReference; lastKnownFileType = text.plist.entitlements; path = Lightening.entitlements; sourceTree = "<group>"; };
		7EA73F6F28168F080071D197 /* SignInViewController.swift */ = {isa = PBXFileReference; lastKnownFileType = sourcecode.swift; path = SignInViewController.swift; sourceTree = "<group>"; };
		7EA73F712816A4FC0071D197 /* UserManager.swift */ = {isa = PBXFileReference; lastKnownFileType = sourcecode.swift; path = UserManager.swift; sourceTree = "<group>"; };
		7EA73F732816EDA60071D197 /* User.swift */ = {isa = PBXFileReference; lastKnownFileType = sourcecode.swift; path = User.swift; sourceTree = "<group>"; };
		7EA73F752816FC8E0071D197 /* VisuallyImpairedTabBarController.swift */ = {isa = PBXFileReference; lastKnownFileType = sourcecode.swift; path = VisuallyImpairedTabBarController.swift; sourceTree = "<group>"; };
		7EA73F7728170E160071D197 /* RegisterViewController.swift */ = {isa = PBXFileReference; lastKnownFileType = sourcecode.swift; path = RegisterViewController.swift; sourceTree = "<group>"; };
		7EB3F4FB280D66E900C6E385 /* AudioTopic.swift */ = {isa = PBXFileReference; lastKnownFileType = sourcecode.swift; path = AudioTopic.swift; sourceTree = "<group>"; };
		7EB3F4FD280D6CDB00C6E385 /* GalleryCollectionViewCell.swift */ = {isa = PBXFileReference; lastKnownFileType = sourcecode.swift; path = GalleryCollectionViewCell.swift; sourceTree = "<group>"; };
		7EB3F4FE280D6CDB00C6E385 /* GalleryCollectionViewCell.xib */ = {isa = PBXFileReference; lastKnownFileType = file.xib; path = GalleryCollectionViewCell.xib; sourceTree = "<group>"; };
		7EB3F501280D740800C6E385 /* DiscoverySection.swift */ = {isa = PBXFileReference; lastKnownFileType = sourcecode.swift; path = DiscoverySection.swift; sourceTree = "<group>"; };
		7EB3F503280D794C00C6E385 /* SectionHeaderReusableView.swift */ = {isa = PBXFileReference; lastKnownFileType = sourcecode.swift; path = SectionHeaderReusableView.swift; sourceTree = "<group>"; };
		7EB9DAC62802FC1A009B89D0 /* GoogleService-Info.plist */ = {isa = PBXFileReference; fileEncoding = 4; lastKnownFileType = text.plist.xml; path = "GoogleService-Info.plist"; sourceTree = "<group>"; };
		7EB9DADE2803D085009B89D0 /* Config.swift */ = {isa = PBXFileReference; lastKnownFileType = sourcecode.swift; path = Config.swift; sourceTree = "<group>"; };
		7EB9DAE12803D172009B89D0 /* RTCStates.swift */ = {isa = PBXFileReference; lastKnownFileType = sourcecode.swift; path = RTCStates.swift; sourceTree = "<group>"; };
		7EB9DAE32803D1E0009B89D0 /* SessionDescription.swift */ = {isa = PBXFileReference; lastKnownFileType = sourcecode.swift; path = SessionDescription.swift; sourceTree = "<group>"; };
		7EB9DAE52803D27F009B89D0 /* IceCandidate.swift */ = {isa = PBXFileReference; lastKnownFileType = sourcecode.swift; path = IceCandidate.swift; sourceTree = "<group>"; };
		7EB9DAE82803D321009B89D0 /* WebRTCClient.swift */ = {isa = PBXFileReference; lastKnownFileType = sourcecode.swift; path = WebRTCClient.swift; sourceTree = "<group>"; };
		7EB9DAEA2803D3EC009B89D0 /* SignalingClient.swift */ = {isa = PBXFileReference; lastKnownFileType = sourcecode.swift; path = SignalingClient.swift; sourceTree = "<group>"; };
		7EB9DAEE2803D9AD009B89D0 /* ImpairedLobbyViewController.swift */ = {isa = PBXFileReference; lastKnownFileType = sourcecode.swift; path = ImpairedLobbyViewController.swift; sourceTree = "<group>"; };
		7EB9DAF3280423F6009B89D0 /* VideoCallViewController.xib */ = {isa = PBXFileReference; lastKnownFileType = file.xib; path = VideoCallViewController.xib; sourceTree = "<group>"; };
		7EB9DAF628042A30009B89D0 /* VideoCallViewController.swift */ = {isa = PBXFileReference; fileEncoding = 4; lastKnownFileType = sourcecode.swift; path = VideoCallViewController.swift; sourceTree = "<group>"; };
		7ED920F928070E4C00DD892A /* userType.swift */ = {isa = PBXFileReference; lastKnownFileType = sourcecode.swift; path = userType.swift; sourceTree = "<group>"; };
		7EDBA2C92805E93600C10FA5 /* VolunteerLobbyViewController.swift */ = {isa = PBXFileReference; lastKnownFileType = sourcecode.swift; path = VolunteerLobbyViewController.swift; sourceTree = "<group>"; };
		7EDBA2CB2805E9A900C10FA5 /* VolunteerLobbyViewController.xib */ = {isa = PBXFileReference; lastKnownFileType = file.xib; path = VolunteerLobbyViewController.xib; sourceTree = "<group>"; };
		7EDBA2CD2805EDB900C10FA5 /* SignalingClientForVolunteer.swift */ = {isa = PBXFileReference; lastKnownFileType = sourcecode.swift; path = SignalingClientForVolunteer.swift; sourceTree = "<group>"; };
		7EDBA2D12806F12000C10FA5 /* 96115-video-call.json */ = {isa = PBXFileReference; lastKnownFileType = text.json; path = "96115-video-call.json"; sourceTree = "<group>"; };
		BF46B14B4F4B3FEED391E560 /* Pods_Lightening.framework */ = {isa = PBXFileReference; explicitFileType = wrapper.framework; includeInIndex = 0; path = Pods_Lightening.framework; sourceTree = BUILT_PRODUCTS_DIR; };
		CD191A29807B0D118DB8AAA3 /* Pods-Lightening.release.xcconfig */ = {isa = PBXFileReference; includeInIndex = 1; lastKnownFileType = text.xcconfig; name = "Pods-Lightening.release.xcconfig"; path = "Target Support Files/Pods-Lightening/Pods-Lightening.release.xcconfig"; sourceTree = "<group>"; };
/* End PBXFileReference section */

/* Begin PBXFrameworksBuildPhase section */
		7EA023482800452A00C73205 /* Frameworks */ = {
			isa = PBXFrameworksBuildPhase;
			buildActionMask = 2147483647;
			files = (
				507B431CE111D2D733E5EBFB /* Pods_Lightening.framework in Frameworks */,
			);
			runOnlyForDeploymentPostprocessing = 0;
		};
/* End PBXFrameworksBuildPhase section */

/* Begin PBXGroup section */
		2FAC819CF43EB4034E4E8714 /* Pods */ = {
			isa = PBXGroup;
			children = (
				2719F4BBA033D3CFB8227B9E /* Pods-Lightening.debug.xcconfig */,
				CD191A29807B0D118DB8AAA3 /* Pods-Lightening.release.xcconfig */,
			);
			path = Pods;
			sourceTree = "<group>";
		};
		7E27300D28100FB90096DB72 /* Map */ = {
			isa = PBXGroup;
			children = (
				7E27300E28100FD30096DB72 /* LocationManager.swift */,
				7E2730102810271E0096DB72 /* AudioAnnotation.swift */,
			);
			path = Map;
			sourceTree = "<group>";
		};
		7E44B7A62809154F00CF24AC /* Base */ = {
			isa = PBXGroup;
			children = (
				7E44B7A82809168100CF24AC /* AddDetailsBasicCell.swift */,
				7EB3F503280D794C00C6E385 /* SectionHeaderReusableView.swift */,
				7EA73F422811D81E0071D197 /* AudioPlayerView.swift */,
			);
			path = Base;
			sourceTree = "<group>";
		};
		7E44B7A72809159F00CF24AC /* Upload */ = {
			isa = PBXGroup;
			children = (
				7E44B7AA2809187C00CF24AC /* AddDetailsContentCell.swift */,
				7E44B7AB2809187C00CF24AC /* AddDetailsContentCell.xib */,
				7E44B7D5280BEAAC00CF24AC /* AddDetailsTopicTableViewCell.swift */,
				7E44B7D6280BEAAC00CF24AC /* AddDetailsTopicTableViewCell.xib */,
				7E44B7DF280C4B8300CF24AC /* AddDetailsCoverTableViewCell.swift */,
				7E44B7E3280C4C5500CF24AC /* SelectCoverCollectionViewCell.swift */,
				7E44B7E4280C4C5500CF24AC /* SelectCoverCollectionViewCell.xib */,
				7E44B7E0280C4B8300CF24AC /* AddDetailsCoverTableViewCell.xib */,
				7E44B7D9280BED5000CF24AC /* SelectTopicCollectionViewCell.swift */,
				7E44B7DA280BED5000CF24AC /* SelectTopicCollectionViewCell.xib */,
				7E273004280FB06C0096DB72 /* AddDetailsLocationCell.swift */,
				7E273005280FB06C0096DB72 /* AddDetailsLocationCell.xib */,
			);
			path = Upload;
			sourceTree = "<group>";
		};
		7E44B7BE280AEA0300CF24AC /* Discovery */ = {
			isa = PBXGroup;
			children = (
				7E44B7BF280AEA1800CF24AC /* DiscoveryViewController.swift */,
				7E2730122810E6260096DB72 /* SearchViewController.swift */,
				7E27300B281006750096DB72 /* MapViewController.swift */,
				7E44B7EB280C94A600CF24AC /* AudioPlayerViewController.swift */,
				7EA73F3E281183DF0071D197 /* AudioDescriptionViewController.swift */,
				7E272FF5280EB55F0096DB72 /* RecordViewController.swift */,
				7E48D4702819F4FD0080476E /* AudioListViewController.swift */,
				7E55BEAF281BC6F700F6A8AC /* VolunteerDiscoveryViewController.swift */,
			);
			path = Discovery;
			sourceTree = "<group>";
		};
		7E44B7C5280AF13300CF24AC /* Third Party Wrapper */ = {
			isa = PBXGroup;
			children = (
				7E44B7C6280AF18600CF24AC /* KingFisherWrapper.swift */,
			);
			path = "Third Party Wrapper";
			sourceTree = "<group>";
		};
		7E44B7C8280AFD9200CF24AC /* Discovery */ = {
			isa = PBXGroup;
			children = (
				7EB3F4FD280D6CDB00C6E385 /* GalleryCollectionViewCell.swift */,
				7EB3F4FE280D6CDB00C6E385 /* GalleryCollectionViewCell.xib */,
				7E27301428114B620096DB72 /* SearchResultTableViewCell.swift */,
				7E27301528114B620096DB72 /* SearchResultTableViewCell.xib */,
				7EA73F4A281273EB0071D197 /* CommentTableViewCell.swift */,
				7EA73F4B281273EB0071D197 /* CommentTableViewCell.xib */,
				7E48D4722819F83B0080476E /* AudioListTableViewCell.swift */,
				7E48D4732819F83B0080476E /* AudioListTableViewCell.xib */,
			);
			path = Discovery;
			sourceTree = "<group>";
		};
		7E498D532808173E00389D1C /* Base */ = {
			isa = PBXGroup;
			children = (
				7E498D542808175400389D1C /* VolunteerTabBarController.swift */,
				7EA73F752816FC8E0071D197 /* VisuallyImpairedTabBarController.swift */,
				7EA73F532813E0AA0071D197 /* BaseViewController.swift */,
			);
			path = Base;
			sourceTree = "<group>";
		};
		7E498D56280817F300389D1C /* VideoCall */ = {
			isa = PBXGroup;
			children = (
				7EDBA2C92805E93600C10FA5 /* VolunteerLobbyViewController.swift */,
				7EB9DAEE2803D9AD009B89D0 /* ImpairedLobbyViewController.swift */,
				7EB9DAF628042A30009B89D0 /* VideoCallViewController.swift */,
			);
			path = VideoCall;
			sourceTree = "<group>";
		};
		7E498D572808184500389D1C /* Upload */ = {
			isa = PBXGroup;
			children = (
				7E498D582808188300389D1C /* UploadViewController.swift */,
				7E44B79428090F5600CF24AC /* AddDetailsViewController.swift */,
			);
			path = Upload;
			sourceTree = "<group>";
		};
		7EA023422800452A00C73205 = {
			isa = PBXGroup;
			children = (
				7EA0234D2800452A00C73205 /* Lightening */,
				7EA0234C2800452A00C73205 /* Products */,
				2FAC819CF43EB4034E4E8714 /* Pods */,
				B6494955E2310280A84E8C75 /* Frameworks */,
			);
			sourceTree = "<group>";
		};
		7EA0234C2800452A00C73205 /* Products */ = {
			isa = PBXGroup;
			children = (
				7EA0234B2800452A00C73205 /* Lightening.app */,
			);
			name = Products;
			sourceTree = "<group>";
		};
		7EA0234D2800452A00C73205 /* Lightening */ = {
			isa = PBXGroup;
			children = (
				7EA73F6E281688800071D197 /* Lightening.entitlements */,
				7E44B7C5280AF13300CF24AC /* Third Party Wrapper */,
				7EB9DAE72803D30C009B89D0 /* Services */,
				7EB9DAE02803D164009B89D0 /* Extensions */,
				7EB9DADD2803D047009B89D0 /* View */,
				7EB9DADC2803D041009B89D0 /* Controller */,
				7EB9DAC32802E323009B89D0 /* Model */,
				7EA0234E2800452A00C73205 /* AppDelegate.swift */,
				7EA023502800452A00C73205 /* SceneDelegate.swift */,
				7EB9DADE2803D085009B89D0 /* Config.swift */,
				7EA023572800452C00C73205 /* Assets.xcassets */,
				7EA023592800452C00C73205 /* LaunchScreen.storyboard */,
				7EA0235C2800452C00C73205 /* Info.plist */,
				7EB9DAC62802FC1A009B89D0 /* GoogleService-Info.plist */,
				7EDBA2D12806F12000C10FA5 /* 96115-video-call.json */,
				7EA73F602814F9300071D197 /* lf30_editor_lcvwieey.json */,
				7EA73F66281504960071D197 /* lf30_editor_6mtolrvz.json */,
				7EA73F6828152A9F0071D197 /* lf30_editor_sgfaitmz.json */,
				7EA73F64281502040071D197 /* 23559-microphone.json */,
				7EA73F6A28155EE10071D197 /* lf30_editor_6v2ghoza.json */,
			);
			path = Lightening;
			sourceTree = "<group>";
		};
		7EA73F502813D5460071D197 /* User */ = {
			isa = PBXGroup;
			children = (
				7EA73F512813D5530071D197 /* ProfileViewController.swift */,
				7E55BEAD281B71AA00F6A8AC /* MyAudioListViewController.swift */,
				7EA73F6C281687E20071D197 /* IdentitySelectionViewController.swift */,
				7EA73F6F28168F080071D197 /* SignInViewController.swift */,
				7EA73F7728170E160071D197 /* RegisterViewController.swift */,
			);
			path = User;
			sourceTree = "<group>";
		};
		7EA73F552813EBD30071D197 /* User */ = {
			isa = PBXGroup;
			children = (
				7EA73F562813EBE80071D197 /* UserProfileView.swift */,
			);
			path = User;
			sourceTree = "<group>";
		};
		7EB3F4FA280D659100C6E385 /* Audio */ = {
			isa = PBXGroup;
			children = (
				7E44B7B82809AEB800CF24AC /* Audio.swift */,
				7EB3F501280D740800C6E385 /* DiscoverySection.swift */,
				7EA73F5828145AA70071D197 /* ProfileSection.swift */,
				7EB3F4FB280D66E900C6E385 /* AudioTopic.swift */,
				7E44B7B0280966A100CF24AC /* PublishManager.swift */,
				7E272FF7280EED7B0096DB72 /* AudioManager.swift */,
				7E272FF9280EEDA10096DB72 /* AudioRecorder.swift */,
				7E272FFB280EEDC40096DB72 /* AudioPlayer.swift */,
				7E272FFD280EEDDE0096DB72 /* AudioFileManager.swift */,
			);
			path = Audio;
			sourceTree = "<group>";
		};
		7EB9DAC32802E323009B89D0 /* Model */ = {
			isa = PBXGroup;
			children = (
				7E27300D28100FB90096DB72 /* Map */,
				7EB3F4FA280D659100C6E385 /* Audio */,
				7ED920FB28070E8200DD892A /* User */,
			);
			path = Model;
			sourceTree = "<group>";
		};
		7EB9DADC2803D041009B89D0 /* Controller */ = {
			isa = PBXGroup;
			children = (
				7EA73F502813D5460071D197 /* User */,
				7E44B7BE280AEA0300CF24AC /* Discovery */,
				7E498D572808184500389D1C /* Upload */,
				7E498D56280817F300389D1C /* VideoCall */,
				7E498D532808173E00389D1C /* Base */,
			);
			path = Controller;
			sourceTree = "<group>";
		};
		7EB9DADD2803D047009B89D0 /* View */ = {
			isa = PBXGroup;
			children = (
				7EA73F552813EBD30071D197 /* User */,
				7E44B7C8280AFD9200CF24AC /* Discovery */,
				7E44B7A72809159F00CF24AC /* Upload */,
				7E44B7A62809154F00CF24AC /* Base */,
				7EDBA2CB2805E9A900C10FA5 /* VolunteerLobbyViewController.xib */,
				7EB9DAF3280423F6009B89D0 /* VideoCallViewController.xib */,
			);
			path = View;
			sourceTree = "<group>";
		};
		7EB9DAE02803D164009B89D0 /* Extensions */ = {
			isa = PBXGroup;
			children = (
				7EB9DAE12803D172009B89D0 /* RTCStates.swift */,
				7EB9DAE32803D1E0009B89D0 /* SessionDescription.swift */,
				7EB9DAE52803D27F009B89D0 /* IceCandidate.swift */,
				7E44B7B42809751300CF24AC /* UITableView+Extension.swift */,
				7E44B7D3280B0F1F00CF24AC /* UICollectionView+Extension.swift */,
				7E44B7BA280A981500CF24AC /* UIColor+Extentsion.swift */,
				7E44B7C3280AEF8A00CF24AC /* UIView+Extension.swift */,
				7E273009280FDB5F0096DB72 /* UIScreen+Extension.swift */,
			);
			path = Extensions;
			sourceTree = "<group>";
		};
		7EB9DAE72803D30C009B89D0 /* Services */ = {
			isa = PBXGroup;
			children = (
				7EB9DAE82803D321009B89D0 /* WebRTCClient.swift */,
				7EB9DAEA2803D3EC009B89D0 /* SignalingClient.swift */,
				7EDBA2CD2805EDB900C10FA5 /* SignalingClientForVolunteer.swift */,
			);
			path = Services;
			sourceTree = "<group>";
		};
		7ED920FB28070E8200DD892A /* User */ = {
			isa = PBXGroup;
			children = (
				7ED920F928070E4C00DD892A /* userType.swift */,
				7EA73F732816EDA60071D197 /* User.swift */,
				7EA73F712816A4FC0071D197 /* UserManager.swift */,
			);
			path = User;
			sourceTree = "<group>";
		};
		B6494955E2310280A84E8C75 /* Frameworks */ = {
			isa = PBXGroup;
			children = (
				BF46B14B4F4B3FEED391E560 /* Pods_Lightening.framework */,
			);
			name = Frameworks;
			sourceTree = "<group>";
		};
/* End PBXGroup section */

/* Begin PBXNativeTarget section */
		7EA0234A2800452A00C73205 /* Lightening */ = {
			isa = PBXNativeTarget;
			buildConfigurationList = 7EA0235F2800452C00C73205 /* Build configuration list for PBXNativeTarget "Lightening" */;
			buildPhases = (
				5C2ABAD03DB0FF3A2914B167 /* [CP] Check Pods Manifest.lock */,
				7EA023472800452A00C73205 /* Sources */,
				7EA023482800452A00C73205 /* Frameworks */,
				7EA023492800452A00C73205 /* Resources */,
				F90AEDDD2B46DFEB60613A96 /* [CP] Embed Pods Frameworks */,
				7E273008280FD92C0096DB72 /* ShellScript */,
			);
			buildRules = (
			);
			dependencies = (
			);
			name = Lightening;
			productName = Lightening;
			productReference = 7EA0234B2800452A00C73205 /* Lightening.app */;
			productType = "com.apple.product-type.application";
		};
/* End PBXNativeTarget section */

/* Begin PBXProject section */
		7EA023432800452A00C73205 /* Project object */ = {
			isa = PBXProject;
			attributes = {
				BuildIndependentTargetsInParallel = 1;
				LastSwiftUpdateCheck = 1330;
				LastUpgradeCheck = 1330;
				TargetAttributes = {
					7EA0234A2800452A00C73205 = {
						CreatedOnToolsVersion = 13.3;
					};
				};
			};
			buildConfigurationList = 7EA023462800452A00C73205 /* Build configuration list for PBXProject "Lightening" */;
			compatibilityVersion = "Xcode 13.0";
			developmentRegion = en;
			hasScannedForEncodings = 0;
			knownRegions = (
				en,
				Base,
			);
			mainGroup = 7EA023422800452A00C73205;
			productRefGroup = 7EA0234C2800452A00C73205 /* Products */;
			projectDirPath = "";
			projectRoot = "";
			targets = (
				7EA0234A2800452A00C73205 /* Lightening */,
			);
		};
/* End PBXProject section */

/* Begin PBXResourcesBuildPhase section */
		7EA023492800452A00C73205 /* Resources */ = {
			isa = PBXResourcesBuildPhase;
			buildActionMask = 2147483647;
			files = (
				7E48D4752819F83B0080476E /* AudioListTableViewCell.xib in Resources */,
				7E44B7E2280C4B8300CF24AC /* AddDetailsCoverTableViewCell.xib in Resources */,
				7E44B7AD2809187C00CF24AC /* AddDetailsContentCell.xib in Resources */,
				7E273007280FB06C0096DB72 /* AddDetailsLocationCell.xib in Resources */,
				7EA0235B2800452C00C73205 /* LaunchScreen.storyboard in Resources */,
				7EB9DAC72802FC1A009B89D0 /* GoogleService-Info.plist in Resources */,
				7E44B7DC280BED5000CF24AC /* SelectTopicCollectionViewCell.xib in Resources */,
				7EA73F67281504960071D197 /* lf30_editor_6mtolrvz.json in Resources */,
				7E27301728114B620096DB72 /* SearchResultTableViewCell.xib in Resources */,
				7EA023582800452C00C73205 /* Assets.xcassets in Resources */,
				7EA73F65281502040071D197 /* 23559-microphone.json in Resources */,
				7EA73F6B28155EE20071D197 /* lf30_editor_6v2ghoza.json in Resources */,
				7E44B7D8280BEAAD00CF24AC /* AddDetailsTopicTableViewCell.xib in Resources */,
				7EA73F4D281273EB0071D197 /* CommentTableViewCell.xib in Resources */,
				7E44B7E6280C4C5500CF24AC /* SelectCoverCollectionViewCell.xib in Resources */,
				7EA73F612814F9310071D197 /* lf30_editor_lcvwieey.json in Resources */,
				7EB9DAF5280423F6009B89D0 /* VideoCallViewController.xib in Resources */,
				7EA73F6928152AA00071D197 /* lf30_editor_sgfaitmz.json in Resources */,
				7EB3F500280D6CDB00C6E385 /* GalleryCollectionViewCell.xib in Resources */,
				7EDBA2CC2805E9A900C10FA5 /* VolunteerLobbyViewController.xib in Resources */,
			);
			runOnlyForDeploymentPostprocessing = 0;
		};
/* End PBXResourcesBuildPhase section */

/* Begin PBXShellScriptBuildPhase section */
		5C2ABAD03DB0FF3A2914B167 /* [CP] Check Pods Manifest.lock */ = {
			isa = PBXShellScriptBuildPhase;
			buildActionMask = 2147483647;
			files = (
			);
			inputFileListPaths = (
			);
			inputPaths = (
				"${PODS_PODFILE_DIR_PATH}/Podfile.lock",
				"${PODS_ROOT}/Manifest.lock",
			);
			name = "[CP] Check Pods Manifest.lock";
			outputFileListPaths = (
			);
			outputPaths = (
				"$(DERIVED_FILE_DIR)/Pods-Lightening-checkManifestLockResult.txt",
			);
			runOnlyForDeploymentPostprocessing = 0;
			shellPath = /bin/sh;
			shellScript = "diff \"${PODS_PODFILE_DIR_PATH}/Podfile.lock\" \"${PODS_ROOT}/Manifest.lock\" > /dev/null\nif [ $? != 0 ] ; then\n    # print error to STDERR\n    echo \"error: The sandbox is not in sync with the Podfile.lock. Run 'pod install' or update your CocoaPods installation.\" >&2\n    exit 1\nfi\n# This output is used by Xcode 'outputs' to avoid re-running this script phase.\necho \"SUCCESS\" > \"${SCRIPT_OUTPUT_FILE_0}\"\n";
			showEnvVarsInLog = 0;
		};
		7E273008280FD92C0096DB72 /* ShellScript */ = {
			isa = PBXShellScriptBuildPhase;
			buildActionMask = 2147483647;
			files = (
			);
			inputFileListPaths = (
			);
			inputPaths = (
			);
			outputFileListPaths = (
			);
			outputPaths = (
			);
			runOnlyForDeploymentPostprocessing = 0;
			shellPath = /bin/sh;
			shellScript = "# Type a script or drag a script file from your workspace to insert its path.\n\"${PODS_ROOT}/SwiftLint/swiftlint\"\n";
		};
		F90AEDDD2B46DFEB60613A96 /* [CP] Embed Pods Frameworks */ = {
			isa = PBXShellScriptBuildPhase;
			buildActionMask = 2147483647;
			files = (
			);
			inputFileListPaths = (
				"${PODS_ROOT}/Target Support Files/Pods-Lightening/Pods-Lightening-frameworks-${CONFIGURATION}-input-files.xcfilelist",
			);
			name = "[CP] Embed Pods Frameworks";
			outputFileListPaths = (
				"${PODS_ROOT}/Target Support Files/Pods-Lightening/Pods-Lightening-frameworks-${CONFIGURATION}-output-files.xcfilelist",
			);
			runOnlyForDeploymentPostprocessing = 0;
			shellPath = /bin/sh;
			shellScript = "\"${PODS_ROOT}/Target Support Files/Pods-Lightening/Pods-Lightening-frameworks.sh\"\n";
			showEnvVarsInLog = 0;
		};
/* End PBXShellScriptBuildPhase section */

/* Begin PBXSourcesBuildPhase section */
		7EA023472800452A00C73205 /* Sources */ = {
			isa = PBXSourcesBuildPhase;
			buildActionMask = 2147483647;
			files = (
				7E27300F28100FD30096DB72 /* LocationManager.swift in Sources */,
				7EA73F7028168F090071D197 /* SignInViewController.swift in Sources */,
				7EB9DAE62803D27F009B89D0 /* IceCandidate.swift in Sources */,
				7EB9DAEB2803D3EC009B89D0 /* SignalingClient.swift in Sources */,
				7E272FFC280EEDC40096DB72 /* AudioPlayer.swift in Sources */,
				7EA73F522813D5530071D197 /* ProfileViewController.swift in Sources */,
				7E498D552808175400389D1C /* VolunteerTabBarController.swift in Sources */,
				7EB3F502280D740900C6E385 /* DiscoverySection.swift in Sources */,
				7EA73F7828170E170071D197 /* RegisterViewController.swift in Sources */,
				7E44B7C7280AF18600CF24AC /* KingFisherWrapper.swift in Sources */,
				7E44B79528090F5600CF24AC /* AddDetailsViewController.swift in Sources */,
				7EA73F432811D81E0071D197 /* AudioPlayerView.swift in Sources */,
				7E27300C281006760096DB72 /* MapViewController.swift in Sources */,
				7E272FF8280EED7B0096DB72 /* AudioManager.swift in Sources */,
				7E44B7D7280BEAAD00CF24AC /* AddDetailsTopicTableViewCell.swift in Sources */,
				7E44B7A92809168100CF24AC /* AddDetailsBasicCell.swift in Sources */,
				7EB3F504280D794C00C6E385 /* SectionHeaderReusableView.swift in Sources */,
				7EA73F3F281183DF0071D197 /* AudioDescriptionViewController.swift in Sources */,
				7EA73F722816A4FC0071D197 /* UserManager.swift in Sources */,
				7E48D4712819F4FD0080476E /* AudioListViewController.swift in Sources */,
				7E272FF6280EB55F0096DB72 /* RecordViewController.swift in Sources */,
				7EDBA2CA2805E93600C10FA5 /* VolunteerLobbyViewController.swift in Sources */,
				7EB9DAE42803D1E0009B89D0 /* SessionDescription.swift in Sources */,
				7EA73F4C281273EB0071D197 /* CommentTableViewCell.swift in Sources */,
				7E27301628114B620096DB72 /* SearchResultTableViewCell.swift in Sources */,
				7EB9DAE92803D321009B89D0 /* WebRTCClient.swift in Sources */,
				7EB9DADF2803D085009B89D0 /* Config.swift in Sources */,
				7E44B7E1280C4B8300CF24AC /* AddDetailsCoverTableViewCell.swift in Sources */,
				7E44B7B52809751300CF24AC /* UITableView+Extension.swift in Sources */,
				7EA73F762816FC8E0071D197 /* VisuallyImpairedTabBarController.swift in Sources */,
				7E44B7EC280C94A600CF24AC /* AudioPlayerViewController.swift in Sources */,
				7EDBA2CE2805EDB900C10FA5 /* SignalingClientForVolunteer.swift in Sources */,
				7E44B7D4280B0F1F00CF24AC /* UICollectionView+Extension.swift in Sources */,
				7E44B7B92809AEB800CF24AC /* Audio.swift in Sources */,
				7E48D4742819F83B0080476E /* AudioListTableViewCell.swift in Sources */,
				7E498D592808188300389D1C /* UploadViewController.swift in Sources */,
				7EB9DAF728042A30009B89D0 /* VideoCallViewController.swift in Sources */,
				7E44B7AC2809187C00CF24AC /* AddDetailsContentCell.swift in Sources */,
				7EA73F542813E0AA0071D197 /* BaseViewController.swift in Sources */,
				7EB9DAF02803D9AD009B89D0 /* ImpairedLobbyViewController.swift in Sources */,
				7E44B7E5280C4C5500CF24AC /* SelectCoverCollectionViewCell.swift in Sources */,
				7EB3F4FC280D66E900C6E385 /* AudioTopic.swift in Sources */,
				7ED920FA28070E4C00DD892A /* userType.swift in Sources */,
				7EB9DAE22803D172009B89D0 /* RTCStates.swift in Sources */,
				7EA73F572813EBE80071D197 /* UserProfileView.swift in Sources */,
				7E44B7DB280BED5000CF24AC /* SelectTopicCollectionViewCell.swift in Sources */,
				7E44B7BB280A981500CF24AC /* UIColor+Extentsion.swift in Sources */,
				7EA73F6D281687E30071D197 /* IdentitySelectionViewController.swift in Sources */,
				7E273006280FB06C0096DB72 /* AddDetailsLocationCell.swift in Sources */,
				7EA73F742816EDA70071D197 /* User.swift in Sources */,
				7E44B7C4280AEF8A00CF24AC /* UIView+Extension.swift in Sources */,
				7EA73F5928145AA70071D197 /* ProfileSection.swift in Sources */,
				7EA0234F2800452A00C73205 /* AppDelegate.swift in Sources */,
				7E272FFA280EEDA10096DB72 /* AudioRecorder.swift in Sources */,
				7E55BEAE281B71AA00F6A8AC /* MyAudioListViewController.swift in Sources */,
				7E2730112810271E0096DB72 /* AudioAnnotation.swift in Sources */,
				7E272FFE280EEDDE0096DB72 /* AudioFileManager.swift in Sources */,
				7E2730132810E6260096DB72 /* SearchViewController.swift in Sources */,
				7E44B7C0280AEA1800CF24AC /* DiscoveryViewController.swift in Sources */,
				7E27300A280FDB5F0096DB72 /* UIScreen+Extension.swift in Sources */,
				7E55BEB0281BC6F700F6A8AC /* VolunteerDiscoveryViewController.swift in Sources */,
				7E44B7B1280966A200CF24AC /* PublishManager.swift in Sources */,
				7EB3F4FF280D6CDB00C6E385 /* GalleryCollectionViewCell.swift in Sources */,
				7EA023512800452A00C73205 /* SceneDelegate.swift in Sources */,
			);
			runOnlyForDeploymentPostprocessing = 0;
		};
/* End PBXSourcesBuildPhase section */

/* Begin PBXVariantGroup section */
		7EA023592800452C00C73205 /* LaunchScreen.storyboard */ = {
			isa = PBXVariantGroup;
			children = (
				7EA0235A2800452C00C73205 /* Base */,
			);
			name = LaunchScreen.storyboard;
			sourceTree = "<group>";
		};
/* End PBXVariantGroup section */

/* Begin XCBuildConfiguration section */
		7EA0235D2800452C00C73205 /* Debug */ = {
			isa = XCBuildConfiguration;
			buildSettings = {
				ALWAYS_SEARCH_USER_PATHS = NO;
				CLANG_ANALYZER_NONNULL = YES;
				CLANG_ANALYZER_NUMBER_OBJECT_CONVERSION = YES_AGGRESSIVE;
				CLANG_CXX_LANGUAGE_STANDARD = "gnu++17";
				CLANG_ENABLE_MODULES = YES;
				CLANG_ENABLE_OBJC_ARC = YES;
				CLANG_ENABLE_OBJC_WEAK = YES;
				CLANG_WARN_BLOCK_CAPTURE_AUTORELEASING = YES;
				CLANG_WARN_BOOL_CONVERSION = YES;
				CLANG_WARN_COMMA = YES;
				CLANG_WARN_CONSTANT_CONVERSION = YES;
				CLANG_WARN_DEPRECATED_OBJC_IMPLEMENTATIONS = YES;
				CLANG_WARN_DIRECT_OBJC_ISA_USAGE = YES_ERROR;
				CLANG_WARN_DOCUMENTATION_COMMENTS = YES;
				CLANG_WARN_EMPTY_BODY = YES;
				CLANG_WARN_ENUM_CONVERSION = YES;
				CLANG_WARN_INFINITE_RECURSION = YES;
				CLANG_WARN_INT_CONVERSION = YES;
				CLANG_WARN_NON_LITERAL_NULL_CONVERSION = YES;
				CLANG_WARN_OBJC_IMPLICIT_RETAIN_SELF = YES;
				CLANG_WARN_OBJC_LITERAL_CONVERSION = YES;
				CLANG_WARN_OBJC_ROOT_CLASS = YES_ERROR;
				CLANG_WARN_QUOTED_INCLUDE_IN_FRAMEWORK_HEADER = YES;
				CLANG_WARN_RANGE_LOOP_ANALYSIS = YES;
				CLANG_WARN_STRICT_PROTOTYPES = YES;
				CLANG_WARN_SUSPICIOUS_MOVE = YES;
				CLANG_WARN_UNGUARDED_AVAILABILITY = YES_AGGRESSIVE;
				CLANG_WARN_UNREACHABLE_CODE = YES;
				CLANG_WARN__DUPLICATE_METHOD_MATCH = YES;
				COPY_PHASE_STRIP = NO;
				DEBUG_INFORMATION_FORMAT = dwarf;
				ENABLE_BITCODE = NO;
				ENABLE_STRICT_OBJC_MSGSEND = YES;
				ENABLE_TESTABILITY = YES;
				"EXCLUDED_ARCHS[sdk=iphonesimulator*]" = arm64;
				GCC_C_LANGUAGE_STANDARD = gnu11;
				GCC_DYNAMIC_NO_PIC = NO;
				GCC_NO_COMMON_BLOCKS = YES;
				GCC_OPTIMIZATION_LEVEL = 0;
				GCC_PREPROCESSOR_DEFINITIONS = (
					"DEBUG=1",
					"$(inherited)",
				);
				GCC_WARN_64_TO_32_BIT_CONVERSION = YES;
				GCC_WARN_ABOUT_RETURN_TYPE = YES_ERROR;
				GCC_WARN_UNDECLARED_SELECTOR = YES;
				GCC_WARN_UNINITIALIZED_AUTOS = YES_AGGRESSIVE;
				GCC_WARN_UNUSED_FUNCTION = YES;
				GCC_WARN_UNUSED_VARIABLE = YES;
				IPHONEOS_DEPLOYMENT_TARGET = 13.0;
				MTL_ENABLE_DEBUG_INFO = INCLUDE_SOURCE;
				MTL_FAST_MATH = YES;
				ONLY_ACTIVE_ARCH = YES;
				SDKROOT = iphoneos;
				SWIFT_ACTIVE_COMPILATION_CONDITIONS = DEBUG;
				SWIFT_OPTIMIZATION_LEVEL = "-Onone";
			};
			name = Debug;
		};
		7EA0235E2800452C00C73205 /* Release */ = {
			isa = XCBuildConfiguration;
			buildSettings = {
				ALWAYS_SEARCH_USER_PATHS = NO;
				CLANG_ANALYZER_NONNULL = YES;
				CLANG_ANALYZER_NUMBER_OBJECT_CONVERSION = YES_AGGRESSIVE;
				CLANG_CXX_LANGUAGE_STANDARD = "gnu++17";
				CLANG_ENABLE_MODULES = YES;
				CLANG_ENABLE_OBJC_ARC = YES;
				CLANG_ENABLE_OBJC_WEAK = YES;
				CLANG_WARN_BLOCK_CAPTURE_AUTORELEASING = YES;
				CLANG_WARN_BOOL_CONVERSION = YES;
				CLANG_WARN_COMMA = YES;
				CLANG_WARN_CONSTANT_CONVERSION = YES;
				CLANG_WARN_DEPRECATED_OBJC_IMPLEMENTATIONS = YES;
				CLANG_WARN_DIRECT_OBJC_ISA_USAGE = YES_ERROR;
				CLANG_WARN_DOCUMENTATION_COMMENTS = YES;
				CLANG_WARN_EMPTY_BODY = YES;
				CLANG_WARN_ENUM_CONVERSION = YES;
				CLANG_WARN_INFINITE_RECURSION = YES;
				CLANG_WARN_INT_CONVERSION = YES;
				CLANG_WARN_NON_LITERAL_NULL_CONVERSION = YES;
				CLANG_WARN_OBJC_IMPLICIT_RETAIN_SELF = YES;
				CLANG_WARN_OBJC_LITERAL_CONVERSION = YES;
				CLANG_WARN_OBJC_ROOT_CLASS = YES_ERROR;
				CLANG_WARN_QUOTED_INCLUDE_IN_FRAMEWORK_HEADER = YES;
				CLANG_WARN_RANGE_LOOP_ANALYSIS = YES;
				CLANG_WARN_STRICT_PROTOTYPES = YES;
				CLANG_WARN_SUSPICIOUS_MOVE = YES;
				CLANG_WARN_UNGUARDED_AVAILABILITY = YES_AGGRESSIVE;
				CLANG_WARN_UNREACHABLE_CODE = YES;
				CLANG_WARN__DUPLICATE_METHOD_MATCH = YES;
				COPY_PHASE_STRIP = NO;
				DEBUG_INFORMATION_FORMAT = "dwarf-with-dsym";
				ENABLE_BITCODE = NO;
				ENABLE_NS_ASSERTIONS = NO;
				ENABLE_STRICT_OBJC_MSGSEND = YES;
				GCC_C_LANGUAGE_STANDARD = gnu11;
				GCC_NO_COMMON_BLOCKS = YES;
				GCC_WARN_64_TO_32_BIT_CONVERSION = YES;
				GCC_WARN_ABOUT_RETURN_TYPE = YES_ERROR;
				GCC_WARN_UNDECLARED_SELECTOR = YES;
				GCC_WARN_UNINITIALIZED_AUTOS = YES_AGGRESSIVE;
				GCC_WARN_UNUSED_FUNCTION = YES;
				GCC_WARN_UNUSED_VARIABLE = YES;
				IPHONEOS_DEPLOYMENT_TARGET = 13.0;
				MTL_ENABLE_DEBUG_INFO = NO;
				MTL_FAST_MATH = YES;
				SDKROOT = iphoneos;
				SWIFT_COMPILATION_MODE = wholemodule;
				SWIFT_OPTIMIZATION_LEVEL = "-O";
				VALIDATE_PRODUCT = YES;
			};
			name = Release;
		};
		7EA023602800452C00C73205 /* Debug */ = {
			isa = XCBuildConfiguration;
			baseConfigurationReference = 2719F4BBA033D3CFB8227B9E /* Pods-Lightening.debug.xcconfig */;
			buildSettings = {
				ASSETCATALOG_COMPILER_APPICON_NAME = AppIcon;
				ASSETCATALOG_COMPILER_GLOBAL_ACCENT_COLOR_NAME = AccentColor;
				CODE_SIGN_ENTITLEMENTS = Lightening/Lightening.entitlements;
				CODE_SIGN_STYLE = Automatic;
				CURRENT_PROJECT_VERSION = 1;
				DEVELOPMENT_TEAM = 9H6DPAU9ML;
				ENABLE_BITCODE = NO;
				GENERATE_INFOPLIST_FILE = YES;
				INFOPLIST_FILE = Lightening/Info.plist;
				INFOPLIST_KEY_LSSupportsOpeningDocumentsInPlace = YES;
				INFOPLIST_KEY_NSCameraUsageDescription = "App needs your permission to access camera";
				INFOPLIST_KEY_NSMicrophoneUsageDescription = "App needs your permission to assess microphone";
				INFOPLIST_KEY_UIApplicationSupportsIndirectInputEvents = YES;
				INFOPLIST_KEY_UILaunchStoryboardName = LaunchScreen;
				INFOPLIST_KEY_UISupportedInterfaceOrientations_iPad = "UIInterfaceOrientationPortrait UIInterfaceOrientationPortraitUpsideDown UIInterfaceOrientationLandscapeLeft UIInterfaceOrientationLandscapeRight";
				INFOPLIST_KEY_UISupportedInterfaceOrientations_iPhone = "UIInterfaceOrientationPortrait UIInterfaceOrientationLandscapeLeft UIInterfaceOrientationLandscapeRight";
				LD_RUNPATH_SEARCH_PATHS = (
					"$(inherited)",
					"@executable_path/Frameworks",
				);
				MARKETING_VERSION = 1.0;
				"OTHER_CODE_SIGN_FLAGS[sdk=*]" = "--generate-entitlement-der";
				PRODUCT_BUNDLE_IDENTIFIER = com.ClaireChiou.Lightening;
				PRODUCT_NAME = "$(TARGET_NAME)";
				SWIFT_EMIT_LOC_STRINGS = YES;
				SWIFT_VERSION = 5.0;
				TARGETED_DEVICE_FAMILY = "1,2";
			};
			name = Debug;
		};
		7EA023612800452C00C73205 /* Release */ = {
			isa = XCBuildConfiguration;
			baseConfigurationReference = CD191A29807B0D118DB8AAA3 /* Pods-Lightening.release.xcconfig */;
			buildSettings = {
				ASSETCATALOG_COMPILER_APPICON_NAME = AppIcon;
				ASSETCATALOG_COMPILER_GLOBAL_ACCENT_COLOR_NAME = AccentColor;
				CODE_SIGN_ENTITLEMENTS = Lightening/Lightening.entitlements;
				CODE_SIGN_STYLE = Automatic;
				CURRENT_PROJECT_VERSION = 1;
				DEVELOPMENT_TEAM = 9H6DPAU9ML;
				ENABLE_BITCODE = NO;
				GENERATE_INFOPLIST_FILE = YES;
				INFOPLIST_FILE = Lightening/Info.plist;
				INFOPLIST_KEY_LSSupportsOpeningDocumentsInPlace = YES;
				INFOPLIST_KEY_NSCameraUsageDescription = "App needs your permission to access camera";
				INFOPLIST_KEY_NSMicrophoneUsageDescription = "App needs your permission to assess microphone";
				INFOPLIST_KEY_UIApplicationSupportsIndirectInputEvents = YES;
				INFOPLIST_KEY_UILaunchStoryboardName = LaunchScreen;
				INFOPLIST_KEY_UISupportedInterfaceOrientations_iPad = "UIInterfaceOrientationPortrait UIInterfaceOrientationPortraitUpsideDown UIInterfaceOrientationLandscapeLeft UIInterfaceOrientationLandscapeRight";
				INFOPLIST_KEY_UISupportedInterfaceOrientations_iPhone = "UIInterfaceOrientationPortrait UIInterfaceOrientationLandscapeLeft UIInterfaceOrientationLandscapeRight";
				LD_RUNPATH_SEARCH_PATHS = (
					"$(inherited)",
					"@executable_path/Frameworks",
				);
				MARKETING_VERSION = 1.0;
				PRODUCT_BUNDLE_IDENTIFIER = com.ClaireChiou.Lightening;
				PRODUCT_NAME = "$(TARGET_NAME)";
				SWIFT_EMIT_LOC_STRINGS = YES;
				SWIFT_VERSION = 5.0;
				TARGETED_DEVICE_FAMILY = "1,2";
			};
			name = Release;
		};
/* End XCBuildConfiguration section */

/* Begin XCConfigurationList section */
		7EA023462800452A00C73205 /* Build configuration list for PBXProject "Lightening" */ = {
			isa = XCConfigurationList;
			buildConfigurations = (
				7EA0235D2800452C00C73205 /* Debug */,
				7EA0235E2800452C00C73205 /* Release */,
			);
			defaultConfigurationIsVisible = 0;
			defaultConfigurationName = Release;
		};
		7EA0235F2800452C00C73205 /* Build configuration list for PBXNativeTarget "Lightening" */ = {
			isa = XCConfigurationList;
			buildConfigurations = (
				7EA023602800452C00C73205 /* Debug */,
				7EA023612800452C00C73205 /* Release */,
			);
			defaultConfigurationIsVisible = 0;
			defaultConfigurationName = Release;
		};
/* End XCConfigurationList section */
	};
	rootObject = 7EA023432800452A00C73205 /* Project object */;
}
